// !$*UTF8*$!
{
	archiveVersion = 1;
	classes = {
	};
	objectVersion = 77;
	objects = {

/* Begin PBXContainerItemProxy section */
		EA22B1572D5C45F800BE3528 /* PBXContainerItemProxy */ = {
			isa = PBXContainerItemProxy;
			containerPortal = EA22B13E2D5C45F700BE3528 /* Project object */;
			proxyType = 1;
			remoteGlobalIDString = EA22B1452D5C45F700BE3528;
			remoteInfo = PrimeChecker;
		};
		EA22B1612D5C45F800BE3528 /* PBXContainerItemProxy */ = {
			isa = PBXContainerItemProxy;
			containerPortal = EA22B13E2D5C45F700BE3528 /* Project object */;
			proxyType = 1;
			remoteGlobalIDString = EA22B1452D5C45F700BE3528;
			remoteInfo = PrimeChecker;
		};
/* End PBXContainerItemProxy section */

/* Begin PBXFileReference section */
		EA22B1462D5C45F700BE3528 /* PrimeChecker.app */ = {isa = PBXFileReference; explicitFileType = wrapper.application; includeInIndex = 0; path = PrimeChecker.app; sourceTree = BUILT_PRODUCTS_DIR; };
		EA22B1562D5C45F800BE3528 /* PrimeCheckerTests.xctest */ = {isa = PBXFileReference; explicitFileType = wrapper.cfbundle; includeInIndex = 0; path = PrimeCheckerTests.xctest; sourceTree = BUILT_PRODUCTS_DIR; };
		EA22B1602D5C45F800BE3528 /* PrimeCheckerUITests.xctest */ = {isa = PBXFileReference; explicitFileType = wrapper.cfbundle; includeInIndex = 0; path = PrimeCheckerUITests.xctest; sourceTree = BUILT_PRODUCTS_DIR; };
/* End PBXFileReference section */

/* Begin PBXFileSystemSynchronizedRootGroup section */
		EA22B1482D5C45F700BE3528 /* PrimeChecker */ = {
			isa = PBXFileSystemSynchronizedRootGroup;
			path = PrimeChecker;
			sourceTree = "<group>";
		};
		EA22B1592D5C45F800BE3528 /* PrimeCheckerTests */ = {
			isa = PBXFileSystemSynchronizedRootGroup;
			path = PrimeCheckerTests;
			sourceTree = "<group>";
		};
		EA22B1632D5C45F800BE3528 /* PrimeCheckerUITests */ = {
			isa = PBXFileSystemSynchronizedRootGroup;
			path = PrimeCheckerUITests;
			sourceTree = "<group>";
		};
/* End PBXFileSystemSynchronizedRootGroup section */

/* Begin PBXFrameworksBuildPhase section */
		EA22B1432D5C45F700BE3528 /* Frameworks */ = {
			isa = PBXFrameworksBuildPhase;
			buildActionMask = 2147483647;
			files = (
			);
			runOnlyForDeploymentPostprocessing = 0;
		};
		EA22B1532D5C45F800BE3528 /* Frameworks */ = {
			isa = PBXFrameworksBuildPhase;
			buildActionMask = 2147483647;
			files = (
			);
			runOnlyForDeploymentPostprocessing = 0;
		};
		EA22B15D2D5C45F800BE3528 /* Frameworks */ = {
			isa = PBXFrameworksBuildPhase;
			buildActionMask = 2147483647;
			files = (
			);
			runOnlyForDeploymentPostprocessing = 0;
		};
/* End PBXFrameworksBuildPhase section */

/* Begin PBXGroup section */
		EA22B13D2D5C45F700BE3528 = {
			isa = PBXGroup;
			children = (
				EA22B1482D5C45F700BE3528 /* PrimeChecker */,
				EA22B1592D5C45F800BE3528 /* PrimeCheckerTests */,
				EA22B1632D5C45F800BE3528 /* PrimeCheckerUITests */,
				EA22B1472D5C45F700BE3528 /* Products */,
			);
			sourceTree = "<group>";
		};
		EA22B1472D5C45F700BE3528 /* Products */ = {
			isa = PBXGroup;
			children = (
				EA22B1462D5C45F700BE3528 /* PrimeChecker.app */,
				EA22B1562D5C45F800BE3528 /* PrimeCheckerTests.xctest */,
				EA22B1602D5C45F800BE3528 /* PrimeCheckerUITests.xctest */,
			);
			name = Products;
			sourceTree = "<group>";
		};
/* End PBXGroup section */

/* Begin PBXNativeTarget section */
		EA22B1452D5C45F700BE3528 /* PrimeChecker */ = {
			isa = PBXNativeTarget;
			buildConfigurationList = EA22B16A2D5C45F800BE3528 /* Build configuration list for PBXNativeTarget "PrimeChecker" */;
			buildPhases = (
				EA22B1422D5C45F700BE3528 /* Sources */,
				EA22B1432D5C45F700BE3528 /* Frameworks */,
				EA22B1442D5C45F700BE3528 /* Resources */,
			);
			buildRules = (
			);
			dependencies = (
			);
			fileSystemSynchronizedGroups = (
				EA22B1482D5C45F700BE3528 /* PrimeChecker */,
			);
			name = PrimeChecker;
			packageProductDependencies = (
			);
			productName = PrimeChecker;
			productReference = EA22B1462D5C45F700BE3528 /* PrimeChecker.app */;
			productType = "com.apple.product-type.application";
		};
		EA22B1552D5C45F800BE3528 /* PrimeCheckerTests */ = {
			isa = PBXNativeTarget;
			buildConfigurationList = EA22B16D2D5C45F800BE3528 /* Build configuration list for PBXNativeTarget "PrimeCheckerTests" */;
			buildPhases = (
				EA22B1522D5C45F800BE3528 /* Sources */,
				EA22B1532D5C45F800BE3528 /* Frameworks */,
				EA22B1542D5C45F800BE3528 /* Resources */,
			);
			buildRules = (
			);
			dependencies = (
				EA22B1582D5C45F800BE3528 /* PBXTargetDependency */,
			);
			fileSystemSynchronizedGroups = (
				EA22B1592D5C45F800BE3528 /* PrimeCheckerTests */,
			);
			name = PrimeCheckerTests;
			packageProductDependencies = (
			);
			productName = PrimeCheckerTests;
			productReference = EA22B1562D5C45F800BE3528 /* PrimeCheckerTests.xctest */;
			productType = "com.apple.product-type.bundle.unit-test";
		};
		EA22B15F2D5C45F800BE3528 /* PrimeCheckerUITests */ = {
			isa = PBXNativeTarget;
			buildConfigurationList = EA22B1702D5C45F800BE3528 /* Build configuration list for PBXNativeTarget "PrimeCheckerUITests" */;
			buildPhases = (
				EA22B15C2D5C45F800BE3528 /* Sources */,
				EA22B15D2D5C45F800BE3528 /* Frameworks */,
				EA22B15E2D5C45F800BE3528 /* Resources */,
			);
			buildRules = (
			);
			dependencies = (
				EA22B1622D5C45F800BE3528 /* PBXTargetDependency */,
			);
			fileSystemSynchronizedGroups = (
				EA22B1632D5C45F800BE3528 /* PrimeCheckerUITests */,
			);
			name = PrimeCheckerUITests;
			packageProductDependencies = (
			);
			productName = PrimeCheckerUITests;
			productReference = EA22B1602D5C45F800BE3528 /* PrimeCheckerUITests.xctest */;
			productType = "com.apple.product-type.bundle.ui-testing";
		};
/* End PBXNativeTarget section */

/* Begin PBXProject section */
		EA22B13E2D5C45F700BE3528 /* Project object */ = {
			isa = PBXProject;
			attributes = {
				BuildIndependentTargetsInParallel = 1;
				LastSwiftUpdateCheck = 1620;
				LastUpgradeCheck = 1620;
				TargetAttributes = {
					EA22B1452D5C45F700BE3528 = {
						CreatedOnToolsVersion = 16.2;
					};
					EA22B1552D5C45F800BE3528 = {
						CreatedOnToolsVersion = 16.2;
						TestTargetID = EA22B1452D5C45F700BE3528;
					};
					EA22B15F2D5C45F800BE3528 = {
						CreatedOnToolsVersion = 16.2;
						TestTargetID = EA22B1452D5C45F700BE3528;
					};
				};
			};
			buildConfigurationList = EA22B1412D5C45F700BE3528 /* Build configuration list for PBXProject "PrimeChecker" */;
			developmentRegion = en;
			hasScannedForEncodings = 0;
			knownRegions = (
				en,
				Base,
			);
			mainGroup = EA22B13D2D5C45F700BE3528;
			minimizedProjectReferenceProxies = 1;
			preferredProjectObjectVersion = 77;
			productRefGroup = EA22B1472D5C45F700BE3528 /* Products */;
			projectDirPath = "";
			projectRoot = "";
			targets = (
				EA22B1452D5C45F700BE3528 /* PrimeChecker */,
				EA22B1552D5C45F800BE3528 /* PrimeCheckerTests */,
				EA22B15F2D5C45F800BE3528 /* PrimeCheckerUITests */,
			);
		};
/* End PBXProject section */

/* Begin PBXResourcesBuildPhase section */
		EA22B1442D5C45F700BE3528 /* Resources */ = {
			isa = PBXResourcesBuildPhase;
			buildActionMask = 2147483647;
			files = (
			);
			runOnlyForDeploymentPostprocessing = 0;
		};
		EA22B1542D5C45F800BE3528 /* Resources */ = {
			isa = PBXResourcesBuildPhase;
			buildActionMask = 2147483647;
			files = (
			);
			runOnlyForDeploymentPostprocessing = 0;
		};
		EA22B15E2D5C45F800BE3528 /* Resources */ = {
			isa = PBXResourcesBuildPhase;
			buildActionMask = 2147483647;
			files = (
			);
			runOnlyForDeploymentPostprocessing = 0;
		};
/* End PBXResourcesBuildPhase section */

/* Begin PBXSourcesBuildPhase section */
		EA22B1422D5C45F700BE3528 /* Sources */ = {
			isa = PBXSourcesBuildPhase;
			buildActionMask = 2147483647;
			files = (
			);
			runOnlyForDeploymentPostprocessing = 0;
		};
		EA22B1522D5C45F800BE3528 /* Sources */ = {
			isa = PBXSourcesBuildPhase;
			buildActionMask = 2147483647;
			files = (
			);
			runOnlyForDeploymentPostprocessing = 0;
		};
		EA22B15C2D5C45F800BE3528 /* Sources */ = {
			isa = PBXSourcesBuildPhase;
			buildActionMask = 2147483647;
			files = (
			);
			runOnlyForDeploymentPostprocessing = 0;
		};
/* End PBXSourcesBuildPhase section */

/* Begin PBXTargetDependency section */
		EA22B1582D5C45F800BE3528 /* PBXTargetDependency */ = {
			isa = PBXTargetDependency;
			target = EA22B1452D5C45F700BE3528 /* PrimeChecker */;
			targetProxy = EA22B1572D5C45F800BE3528 /* PBXContainerItemProxy */;
		};
		EA22B1622D5C45F800BE3528 /* PBXTargetDependency */ = {
			isa = PBXTargetDependency;
			target = EA22B1452D5C45F700BE3528 /* PrimeChecker */;
			targetProxy = EA22B1612D5C45F800BE3528 /* PBXContainerItemProxy */;
		};
/* End PBXTargetDependency section */

/* Begin XCBuildConfiguration section */
		EA22B1682D5C45F800BE3528 /* Debug */ = {
			isa = XCBuildConfiguration;
			buildSettings = {
				ALWAYS_SEARCH_USER_PATHS = NO;
				ASSETCATALOG_COMPILER_GENERATE_SWIFT_ASSET_SYMBOL_EXTENSIONS = YES;
				CLANG_ANALYZER_NONNULL = YES;
				CLANG_ANALYZER_NUMBER_OBJECT_CONVERSION = YES_AGGRESSIVE;
				CLANG_CXX_LANGUAGE_STANDARD = "gnu++20";
				CLANG_ENABLE_MODULES = YES;
				CLANG_ENABLE_OBJC_ARC = YES;
				CLANG_ENABLE_OBJC_WEAK = YES;
				CLANG_WARN_BLOCK_CAPTURE_AUTORELEASING = YES;
				CLANG_WARN_BOOL_CONVERSION = YES;
				CLANG_WARN_COMMA = YES;
				CLANG_WARN_CONSTANT_CONVERSION = YES;
				CLANG_WARN_DEPRECATED_OBJC_IMPLEMENTATIONS = YES;
				CLANG_WARN_DIRECT_OBJC_ISA_USAGE = YES_ERROR;
				CLANG_WARN_DOCUMENTATION_COMMENTS = YES;
				CLANG_WARN_EMPTY_BODY = YES;
				CLANG_WARN_ENUM_CONVERSION = YES;
				CLANG_WARN_INFINITE_RECURSION = YES;
				CLANG_WARN_INT_CONVERSION = YES;
				CLANG_WARN_NON_LITERAL_NULL_CONVERSION = YES;
				CLANG_WARN_OBJC_IMPLICIT_RETAIN_SELF = YES;
				CLANG_WARN_OBJC_LITERAL_CONVERSION = YES;
				CLANG_WARN_OBJC_ROOT_CLASS = YES_ERROR;
				CLANG_WARN_QUOTED_INCLUDE_IN_FRAMEWORK_HEADER = YES;
				CLANG_WARN_RANGE_LOOP_ANALYSIS = YES;
				CLANG_WARN_STRICT_PROTOTYPES = YES;
				CLANG_WARN_SUSPICIOUS_MOVE = YES;
				CLANG_WARN_UNGUARDED_AVAILABILITY = YES_AGGRESSIVE;
				CLANG_WARN_UNREACHABLE_CODE = YES;
				CLANG_WARN__DUPLICATE_METHOD_MATCH = YES;
				COPY_PHASE_STRIP = NO;
				DEBUG_INFORMATION_FORMAT = dwarf;
				ENABLE_STRICT_OBJC_MSGSEND = YES;
				ENABLE_TESTABILITY = YES;
				ENABLE_USER_SCRIPT_SANDBOXING = YES;
				GCC_C_LANGUAGE_STANDARD = gnu17;
				GCC_DYNAMIC_NO_PIC = NO;
				GCC_NO_COMMON_BLOCKS = YES;
				GCC_OPTIMIZATION_LEVEL = 0;
				GCC_PREPROCESSOR_DEFINITIONS = (
					"DEBUG=1",
					"$(inherited)",
				);
				GCC_WARN_64_TO_32_BIT_CONVERSION = YES;
				GCC_WARN_ABOUT_RETURN_TYPE = YES_ERROR;
				GCC_WARN_UNDECLARED_SELECTOR = YES;
				GCC_WARN_UNINITIALIZED_AUTOS = YES_AGGRESSIVE;
				GCC_WARN_UNUSED_FUNCTION = YES;
				GCC_WARN_UNUSED_VARIABLE = YES;
				IPHONEOS_DEPLOYMENT_TARGET = 18.2;
				LOCALIZATION_PREFERS_STRING_CATALOGS = YES;
				MTL_ENABLE_DEBUG_INFO = INCLUDE_SOURCE;
				MTL_FAST_MATH = YES;
				ONLY_ACTIVE_ARCH = YES;
				SDKROOT = iphoneos;
				SWIFT_ACTIVE_COMPILATION_CONDITIONS = "DEBUG $(inherited)";
				SWIFT_OPTIMIZATION_LEVEL = "-Onone";
			};
			name = Debug;
		};
		EA22B1692D5C45F800BE3528 /* Release */ = {
			isa = XCBuildConfiguration;
			buildSettings = {
				ALWAYS_SEARCH_USER_PATHS = NO;
				ASSETCATALOG_COMPILER_GENERATE_SWIFT_ASSET_SYMBOL_EXTENSIONS = YES;
				CLANG_ANALYZER_NONNULL = YES;
				CLANG_ANALYZER_NUMBER_OBJECT_CONVERSION = YES_AGGRESSIVE;
				CLANG_CXX_LANGUAGE_STANDARD = "gnu++20";
				CLANG_ENABLE_MODULES = YES;
				CLANG_ENABLE_OBJC_ARC = YES;
				CLANG_ENABLE_OBJC_WEAK = YES;
				CLANG_WARN_BLOCK_CAPTURE_AUTORELEASING = YES;
				CLANG_WARN_BOOL_CONVERSION = YES;
				CLANG_WARN_COMMA = YES;
				CLANG_WARN_CONSTANT_CONVERSION = YES;
				CLANG_WARN_DEPRECATED_OBJC_IMPLEMENTATIONS = YES;
				CLANG_WARN_DIRECT_OBJC_ISA_USAGE = YES_ERROR;
				CLANG_WARN_DOCUMENTATION_COMMENTS = YES;
				CLANG_WARN_EMPTY_BODY = YES;
				CLANG_WARN_ENUM_CONVERSION = YES;
				CLANG_WARN_INFINITE_RECURSION = YES;
				CLANG_WARN_INT_CONVERSION = YES;
				CLANG_WARN_NON_LITERAL_NULL_CONVERSION = YES;
				CLANG_WARN_OBJC_IMPLICIT_RETAIN_SELF = YES;
				CLANG_WARN_OBJC_LITERAL_CONVERSION = YES;
				CLANG_WARN_OBJC_ROOT_CLASS = YES_ERROR;
				CLANG_WARN_QUOTED_INCLUDE_IN_FRAMEWORK_HEADER = YES;
				CLANG_WARN_RANGE_LOOP_ANALYSIS = YES;
				CLANG_WARN_STRICT_PROTOTYPES = YES;
				CLANG_WARN_SUSPICIOUS_MOVE = YES;
				CLANG_WARN_UNGUARDED_AVAILABILITY = YES_AGGRESSIVE;
				CLANG_WARN_UNREACHABLE_CODE = YES;
				CLANG_WARN__DUPLICATE_METHOD_MATCH = YES;
				COPY_PHASE_STRIP = NO;
				DEBUG_INFORMATION_FORMAT = "dwarf-with-dsym";
				ENABLE_NS_ASSERTIONS = NO;
				ENABLE_STRICT_OBJC_MSGSEND = YES;
				ENABLE_USER_SCRIPT_SANDBOXING = YES;
				GCC_C_LANGUAGE_STANDARD = gnu17;
				GCC_NO_COMMON_BLOCKS = YES;
				GCC_WARN_64_TO_32_BIT_CONVERSION = YES;
				GCC_WARN_ABOUT_RETURN_TYPE = YES_ERROR;
				GCC_WARN_UNDECLARED_SELECTOR = YES;
				GCC_WARN_UNINITIALIZED_AUTOS = YES_AGGRESSIVE;
				GCC_WARN_UNUSED_FUNCTION = YES;
				GCC_WARN_UNUSED_VARIABLE = YES;
				IPHONEOS_DEPLOYMENT_TARGET = 18.2;
				LOCALIZATION_PREFERS_STRING_CATALOGS = YES;
				MTL_ENABLE_DEBUG_INFO = NO;
				MTL_FAST_MATH = YES;
				SDKROOT = iphoneos;
				SWIFT_COMPILATION_MODE = wholemodule;
				VALIDATE_PRODUCT = YES;
			};
			name = Release;
		};
		EA22B16B2D5C45F800BE3528 /* Debug */ = {
			isa = XCBuildConfiguration;
			buildSettings = {
				ASSETCATALOG_COMPILER_APPICON_NAME = AppIcon;
				ASSETCATALOG_COMPILER_GLOBAL_ACCENT_COLOR_NAME = AccentColor;
				CODE_SIGN_STYLE = Automatic;
				CURRENT_PROJECT_VERSION = 1;
				DEVELOPMENT_ASSET_PATHS = "\"PrimeChecker/Preview Content\"";
				ENABLE_PREVIEWS = YES;
				GENERATE_INFOPLIST_FILE = YES;
				INFOPLIST_KEY_UIApplicationSceneManifest_Generation = YES;
				INFOPLIST_KEY_UIApplicationSupportsIndirectInputEvents = YES;
				INFOPLIST_KEY_UILaunchScreen_Generation = YES;
				INFOPLIST_KEY_UISupportedInterfaceOrientations_iPad = "UIInterfaceOrientationPortrait UIInterfaceOrientationPortraitUpsideDown UIInterfaceOrientationLandscapeLeft UIInterfaceOrientationLandscapeRight";
				INFOPLIST_KEY_UISupportedInterfaceOrientations_iPhone = "UIInterfaceOrientationPortrait UIInterfaceOrientationLandscapeLeft UIInterfaceOrientationLandscapeRight";
				LD_RUNPATH_SEARCH_PATHS = (
					"$(inherited)",
					"@executable_path/Frameworks",
				);
				MARKETING_VERSION = 1.0;
				PRODUCT_BUNDLE_IDENTIFIER = com.anarsamadzade.counterapp.PrimeChecker;
				PRODUCT_NAME = "$(TARGET_NAME)";
				SWIFT_EMIT_LOC_STRINGS = YES;
				SWIFT_VERSION = 5.0;
				TARGETED_DEVICE_FAMILY = "1,2";
			};
			name = Debug;
		};
		EA22B16C2D5C45F800BE3528 /* Release */ = {
			isa = XCBuildConfiguration;
			buildSettings = {
				ASSETCATALOG_COMPILER_APPICON_NAME = AppIcon;
				ASSETCATALOG_COMPILER_GLOBAL_ACCENT_COLOR_NAME = AccentColor;
				CODE_SIGN_STYLE = Automatic;
				CURRENT_PROJECT_VERSION = 1;
				DEVELOPMENT_ASSET_PATHS = "\"PrimeChecker/Preview Content\"";
				ENABLE_PREVIEWS = YES;
				GENERATE_INFOPLIST_FILE = YES;
				INFOPLIST_KEY_UIApplicationSceneManifest_Generation = YES;
				INFOPLIST_KEY_UIApplicationSupportsIndirectInputEvents = YES;
				INFOPLIST_KEY_UILaunchScreen_Generation = YES;
				INFOPLIST_KEY_UISupportedInterfaceOrientations_iPad = "UIInterfaceOrientationPortrait UIInterfaceOrientationPortraitUpsideDown UIInterfaceOrientationLandscapeLeft UIInterfaceOrientationLandscapeRight";
				INFOPLIST_KEY_UISupportedInterfaceOrientations_iPhone = "UIInterfaceOrientationPortrait UIInterfaceOrientationLandscapeLeft UIInterfaceOrientationLandscapeRight";
				LD_RUNPATH_SEARCH_PATHS = (
					"$(inherited)",
					"@executable_path/Frameworks",
				);
				MARKETING_VERSION = 1.0;
				PRODUCT_BUNDLE_IDENTIFIER = com.anarsamadzade.counterapp.PrimeChecker;
				PRODUCT_NAME = "$(TARGET_NAME)";
				SWIFT_EMIT_LOC_STRINGS = YES;
				SWIFT_VERSION = 5.0;
				TARGETED_DEVICE_FAMILY = "1,2";
			};
			name = Release;
		};
		EA22B16E2D5C45F800BE3528 /* Debug */ = {
			isa = XCBuildConfiguration;
			buildSettings = {
				BUNDLE_LOADER = "$(TEST_HOST)";
				CODE_SIGN_STYLE = Automatic;
				CURRENT_PROJECT_VERSION = 1;
				GENERATE_INFOPLIST_FILE = YES;
				IPHONEOS_DEPLOYMENT_TARGET = 18.2;
				MARKETING_VERSION = 1.0;
				PRODUCT_BUNDLE_IDENTIFIER = com.anarsamadzade.counterapp.PrimeCheckerTests;
				PRODUCT_NAME = "$(TARGET_NAME)";
				SWIFT_EMIT_LOC_STRINGS = NO;
				SWIFT_VERSION = 5.0;
				TARGETED_DEVICE_FAMILY = "1,2";
				TEST_HOST = "$(BUILT_PRODUCTS_DIR)/PrimeChecker.app/$(BUNDLE_EXECUTABLE_FOLDER_PATH)/PrimeChecker";
			};
			name = Debug;
		};
		EA22B16F2D5C45F800BE3528 /* Release */ = {
			isa = XCBuildConfiguration;
			buildSettings = {
				BUNDLE_LOADER = "$(TEST_HOST)";
				CODE_SIGN_STYLE = Automatic;
				CURRENT_PROJECT_VERSION = 1;
				GENERATE_INFOPLIST_FILE = YES;
				IPHONEOS_DEPLOYMENT_TARGET = 18.2;
				MARKETING_VERSION = 1.0;
				PRODUCT_BUNDLE_IDENTIFIER = com.anarsamadzade.counterapp.PrimeCheckerTests;
				PRODUCT_NAME = "$(TARGET_NAME)";
				SWIFT_EMIT_LOC_STRINGS = NO;
				SWIFT_VERSION = 5.0;
				TARGETED_DEVICE_FAMILY = "1,2";
				TEST_HOST = "$(BUILT_PRODUCTS_DIR)/PrimeChecker.app/$(BUNDLE_EXECUTABLE_FOLDER_PATH)/PrimeChecker";
			};
			name = Release;
		};
		EA22B1712D5C45F800BE3528 /* Debug */ = {
			isa = XCBuildConfiguration;
			buildSettings = {
				CODE_SIGN_STYLE = Automatic;
				CURRENT_PROJECT_VERSION = 1;
				GENERATE_INFOPLIST_FILE = YES;
				MARKETING_VERSION = 1.0;
				PRODUCT_BUNDLE_IDENTIFIER = com.anarsamadzade.counterapp.PrimeCheckerUITests;
				PRODUCT_NAME = "$(TARGET_NAME)";
				SWIFT_EMIT_LOC_STRINGS = NO;
				SWIFT_VERSION = 5.0;
				TARGETED_DEVICE_FAMILY = "1,2";
				TEST_TARGET_NAME = PrimeChecker;
			};
			name = Debug;
		};
		EA22B1722D5C45F800BE3528 /* Release */ = {
			isa = XCBuildConfiguration;
			buildSettings = {
				CODE_SIGN_STYLE = Automatic;
				CURRENT_PROJECT_VERSION = 1;
				GENERATE_INFOPLIST_FILE = YES;
				MARKETING_VERSION = 1.0;
				PRODUCT_BUNDLE_IDENTIFIER = com.anarsamadzade.counterapp.PrimeCheckerUITests;
				PRODUCT_NAME = "$(TARGET_NAME)";
				SWIFT_EMIT_LOC_STRINGS = NO;
				SWIFT_VERSION = 5.0;
				TARGETED_DEVICE_FAMILY = "1,2";
				TEST_TARGET_NAME = PrimeChecker;
			};
			name = Release;
		};
/* End XCBuildConfiguration section */

/* Begin XCConfigurationList section */
		EA22B1412D5C45F700BE3528 /* Build configuration list for PBXProject "PrimeChecker" */ = {
			isa = XCConfigurationList;
			buildConfigurations = (
				EA22B1682D5C45F800BE3528 /* Debug */,
				EA22B1692D5C45F800BE3528 /* Release */,
			);
			defaultConfigurationIsVisible = 0;
			defaultConfigurationName = Release;
		};
		EA22B16A2D5C45F800BE3528 /* Build configuration list for PBXNativeTarget "PrimeChecker" */ = {
			isa = XCConfigurationList;
			buildConfigurations = (
				EA22B16B2D5C45F800BE3528 /* Debug */,
				EA22B16C2D5C45F800BE3528 /* Release */,
			);
			defaultConfigurationIsVisible = 0;
			defaultConfigurationName = Release;
		};
		EA22B16D2D5C45F800BE3528 /* Build configuration list for PBXNativeTarget "PrimeCheckerTests" */ = {
			isa = XCConfigurationList;
			buildConfigurations = (
				EA22B16E2D5C45F800BE3528 /* Debug */,
				EA22B16F2D5C45F800BE3528 /* Release */,
			);
			defaultConfigurationIsVisible = 0;
			defaultConfigurationName = Release;
		};
		EA22B1702D5C45F800BE3528 /* Build configuration list for PBXNativeTarget "PrimeCheckerUITests" */ = {
			isa = XCConfigurationList;
			buildConfigurations = (
				EA22B1712D5C45F800BE3528 /* Debug */,
				EA22B1722D5C45F800BE3528 /* Release */,
			);
			defaultConfigurationIsVisible = 0;
			defaultConfigurationName = Release;
		};
/* End XCConfigurationList section */
	};
	rootObject = EA22B13E2D5C45F700BE3528 /* Project object */;
}
